# THIS IS AN AUTOGENERATED FILE. DO NOT EDIT THIS FILE DIRECTLY.
# yarn lockfile v1


bootstrap@4.3.1:
  version "4.3.1"
  resolved "https://registry.yarnpkg.com/bootstrap/-/bootstrap-4.3.1.tgz#280ca8f610504d99d7b6b4bfc4b68cec601704ac"

font-logos@^0.12.1:
  version "0.12.1"
  resolved "https://registry.yarnpkg.com/font-logos/-/font-logos-0.12.1.tgz#959b2b3cafddc13a87bb559b05db950952419934"

jquery@^3.4.0:
  version "3.4.1"
  resolved "https://registry.yarnpkg.com/jquery/-/jquery-3.4.1.tgz#714f1f8d9dde4bdfa55764ba37ef214630d80ef2"

popper.js@1.14.7:
  version "1.14.7"
  resolved "https://registry.yarnpkg.com/popper.js/-/popper.js-1.14.7.tgz#e31ec06cfac6a97a53280c3e55e4e0c860e7738e"
